# THIS IS AN AUTOGENERATED FILE. DO NOT EDIT THIS FILE DIRECTLY.
# yarn lockfile v1


scrollparent@^2.0.1:
  version "2.0.1"
  resolved "https://registry.yarnpkg.com/scrollparent/-/scrollparent-2.0.1.tgz#715d5b9cc57760fb22bdccc3befb5bfe06b1a317"
  integrity sha512-HSdN78VMvFCSGCkh0oYX/tY4R3P1DW61f8+TeZZ4j2VLgfwvw0bpRSOv4PCVKisktIwbzHCfZsx+rLbbDBqIBA==

vue-observe-visibility@^0.4.4:
  version "0.4.6"
  resolved "https://registry.yarnpkg.com/vue-observe-visibility/-/vue-observe-visibility-0.4.6.tgz#878cb8ebcf3078e40807af29774e97105ebd519e"
  integrity sha512-xo0CEVdkjSjhJoDdLSvoZoQrw/H2BlzB5jrCBKGZNXN2zdZgMuZ9BKrxXDjNP2AxlcCoKc8OahI3F3r3JGLv2Q==

vue-resize@^0.4.5:
  version "0.4.5"
  resolved "https://registry.yarnpkg.com/vue-resize/-/vue-resize-0.4.5.tgz#4777a23042e3c05620d9cbda01c0b3cc5e32dcea"
  integrity sha512-bhP7MlgJQ8TIkZJXAfDf78uJO+mEI3CaLABLjv0WNzr4CcGRGPIAItyWYnP6LsPA4Oq0WE+suidNs6dgpO4RHg==

vue-virtual-scroller@^1.0.10:
  version "1.0.10"
  resolved "https://registry.yarnpkg.com/vue-virtual-scroller/-/vue-virtual-scroller-1.0.10.tgz#fdf243240001f05bd79aa77f2e2e60403760e2fb"
  integrity sha512-Hn4qSBDhRY4XdngPioYy/ykDjrLX/NMm1fQXm/4UQQ/Xv1x8JbHGFZNftQowTcfICgN7yc31AKnUk1UGLJ2ndA==
  dependencies:
    scrollparent "^2.0.1"
    vue-observe-visibility "^0.4.4"
    vue-resize "^0.4.5"
